
Microsoft Visual Studio Solution File, Format Version 12.00
# Visual Studio Version 17
VisualStudioVersion = 17.9.34701.34
MinimumVisualStudioVersion = 10.0.40219.1
Project("{FAE04EC0-301F-11D3-BF4B-00C04F79EFBC}") = "PersonalTracking", "PersonelTracking\PersonalTracking.csproj", "{A10D7C88-CA93-466C-839E-223F04AF0899}"
EndProject
Project("{FAE04EC0-301F-11D3-BF4B-00C04F79EFBC}") = "BLL", "BLL\BLL.csproj", "{7F45EF94-F306-49BB-A0CF-3C2556BD57E2}"
EndProject
Project("{FAE04EC0-301F-11D3-BF4B-00C04F79EFBC}") = "DAL", "DAL\DAL.csproj", "{5899FFDF-B59B-46DE-AFBA-EEF2C04522B2}"
EndProject
Global
	GlobalSection(SolutionConfigurationPlatforms) = preSolution
		Debug|Any CPU = Debug|Any CPU
		Release|Any CPU = Release|Any CPU
	EndGlobalSection
	GlobalSection(ProjectConfigurationPlatforms) = postSolution
		{A10D7C88-CA93-466C-839E-223F04AF0899}.Debug|Any CPU.ActiveCfg = Debug|Any CPU
		{A10D7C88-CA93-466C-839E-223F04AF0899}.Debug|Any CPU.Build.0 = Debug|Any CPU
		{A10D7C88-CA93-466C-839E-223F04AF0899}.Release|Any CPU.ActiveCfg = Release|Any CPU
		{A10D7C88-CA93-466C-839E-223F04AF0899}.Release|Any CPU.Build.0 = Release|Any CPU
		{7F45EF94-F306-49BB-A0CF-3C2556BD57E2}.Debug|Any CPU.ActiveCfg = Debug|Any CPU
		{7F45EF94-F306-49BB-A0CF-3C2556BD57E2}.Debug|Any CPU.Build.0 = Debug|Any CPU
		{7F45EF94-F306-49BB-A0CF-3C2556BD57E2}.Release|Any CPU.ActiveCfg = Release|Any CPU
		{7F45EF94-F306-49BB-A0CF-3C2556BD57E2}.Release|Any CPU.Build.0 = Release|Any CPU
		{5899FFDF-B59B-46DE-AFBA-EEF2C04522B2}.Debug|Any CPU.ActiveCfg = Debug|Any CPU
		{5899FFDF-B59B-46DE-AFBA-EEF2C04522B2}.Debug|Any CPU.Build.0 = Debug|Any CPU
		{5899FFDF-B59B-46DE-AFBA-EEF2C04522B2}.Release|Any CPU.ActiveCfg = Release|Any CPU
		{5899FFDF-B59B-46DE-AFBA-EEF2C04522B2}.Release|Any CPU.Build.0 = Release|Any CPU
	EndGlobalSection
	GlobalSection(SolutionProperties) = preSolution
		HideSolutionNode = FALSE
	EndGlobalSection
	GlobalSection(ExtensibilityGlobals) = postSolution
		SolutionGuid = {A7EA8F6D-49E4-4967-B43D-B4070B92EBD3}
	EndGlobalSection
EndGlobal
