
Microsoft Visual Studio Solution File, Format Version 12.00
# Visual Studio Version 17
VisualStudioVersion = 17.9.34701.34
MinimumVisualStudioVersion = 10.0.40219.1
Project("{FAE04EC0-301F-11D3-BF4B-00C04F79EFBC}") = "UI", "UI\UI.csproj", "{488D6086-D52F-44DE-AD84-CB09CD214731}"
EndProject
Project("{FAE04EC0-301F-11D3-BF4B-00C04F79EFBC}") = "DAL", "DAL\DAL.csproj", "{4337C699-54EF-4535-815A-86FE20E7FAD2}"
EndProject
Project("{FAE04EC0-301F-11D3-BF4B-00C04F79EFBC}") = "BLL", "BLL\BLL.csproj", "{532A6410-F7D9-419E-81F0-A2975A189F6C}"
EndProject
Project("{FAE04EC0-301F-11D3-BF4B-00C04F79EFBC}") = "DTO", "DTO\DTO.csproj", "{C038A11B-512F-4D34-A246-8B357DAE4EC0}"
EndProject
Global
	GlobalSection(SolutionConfigurationPlatforms) = preSolution
		Debug|Any CPU = Debug|Any CPU
		Release|Any CPU = Release|Any CPU
	EndGlobalSection
	GlobalSection(ProjectConfigurationPlatforms) = postSolution
		{488D6086-D52F-44DE-AD84-CB09CD214731}.Debug|Any CPU.ActiveCfg = Debug|Any CPU
		{488D6086-D52F-44DE-AD84-CB09CD214731}.Debug|Any CPU.Build.0 = Debug|Any CPU
		{488D6086-D52F-44DE-AD84-CB09CD214731}.Release|Any CPU.ActiveCfg = Release|Any CPU
		{488D6086-D52F-44DE-AD84-CB09CD214731}.Release|Any CPU.Build.0 = Release|Any CPU
		{4337C699-54EF-4535-815A-86FE20E7FAD2}.Debug|Any CPU.ActiveCfg = Debug|Any CPU
		{4337C699-54EF-4535-815A-86FE20E7FAD2}.Debug|Any CPU.Build.0 = Debug|Any CPU
		{4337C699-54EF-4535-815A-86FE20E7FAD2}.Release|Any CPU.ActiveCfg = Release|Any CPU
		{4337C699-54EF-4535-815A-86FE20E7FAD2}.Release|Any CPU.Build.0 = Release|Any CPU
		{532A6410-F7D9-419E-81F0-A2975A189F6C}.Debug|Any CPU.ActiveCfg = Debug|Any CPU
		{532A6410-F7D9-419E-81F0-A2975A189F6C}.Debug|Any CPU.Build.0 = Debug|Any CPU
		{532A6410-F7D9-419E-81F0-A2975A189F6C}.Release|Any CPU.ActiveCfg = Release|Any CPU
		{532A6410-F7D9-419E-81F0-A2975A189F6C}.Release|Any CPU.Build.0 = Release|Any CPU
		{C038A11B-512F-4D34-A246-8B357DAE4EC0}.Debug|Any CPU.ActiveCfg = Debug|Any CPU
		{C038A11B-512F-4D34-A246-8B357DAE4EC0}.Debug|Any CPU.Build.0 = Debug|Any CPU
		{C038A11B-512F-4D34-A246-8B357DAE4EC0}.Release|Any CPU.ActiveCfg = Release|Any CPU
		{C038A11B-512F-4D34-A246-8B357DAE4EC0}.Release|Any CPU.Build.0 = Release|Any CPU
	EndGlobalSection
	GlobalSection(SolutionProperties) = preSolution
		HideSolutionNode = FALSE
	EndGlobalSection
	GlobalSection(ExtensibilityGlobals) = postSolution
		SolutionGuid = {59F21A93-1ADB-47AA-8AA3-4DDC60F76BD4}
	EndGlobalSection
EndGlobal
