
Microsoft Visual Studio Solution File, Format Version 12.00
# Visual Studio Version 17
VisualStudioVersion = 17.9.34701.34
MinimumVisualStudioVersion = 10.0.40219.1
Project("{FAE04EC0-301F-11D3-BF4B-00C04F79EFBC}") = "EF_DBFirst", "EF_DBFirst\EF_DBFirst.csproj", "{B786C7DE-1A42-494E-B723-86AF1B98C431}"
EndProject
Global
	GlobalSection(SolutionConfigurationPlatforms) = preSolution
		Debug|Any CPU = Debug|Any CPU
		Release|Any CPU = Release|Any CPU
	EndGlobalSection
	GlobalSection(ProjectConfigurationPlatforms) = postSolution
		{B786C7DE-1A42-494E-B723-86AF1B98C431}.Debug|Any CPU.ActiveCfg = Debug|Any CPU
		{B786C7DE-1A42-494E-B723-86AF1B98C431}.Debug|Any CPU.Build.0 = Debug|Any CPU
		{B786C7DE-1A42-494E-B723-86AF1B98C431}.Release|Any CPU.ActiveCfg = Release|Any CPU
		{B786C7DE-1A42-494E-B723-86AF1B98C431}.Release|Any CPU.Build.0 = Release|Any CPU
	EndGlobalSection
	GlobalSection(SolutionProperties) = preSolution
		HideSolutionNode = FALSE
	EndGlobalSection
	GlobalSection(ExtensibilityGlobals) = postSolution
		SolutionGuid = {6852BF67-D86B-4067-9E97-78CDC173A001}
	EndGlobalSection
EndGlobal
