
Microsoft Visual Studio Solution File, Format Version 12.00
# Visual Studio Version 17
VisualStudioVersion = 17.9.34701.34
MinimumVisualStudioVersion = 10.0.40219.1
Project("{FAE04EC0-301F-11D3-BF4B-00C04F79EFBC}") = "Hello", "Hello\Hello.csproj", "{EBA675A8-6AD2-458F-BFA2-FD8ECB4B6636}"
EndProject
Global
	GlobalSection(SolutionConfigurationPlatforms) = preSolution
		Debug|Any CPU = Debug|Any CPU
		Release|Any CPU = Release|Any CPU
	EndGlobalSection
	GlobalSection(ProjectConfigurationPlatforms) = postSolution
		{EBA675A8-6AD2-458F-BFA2-FD8ECB4B6636}.Debug|Any CPU.ActiveCfg = Debug|Any CPU
		{EBA675A8-6AD2-458F-BFA2-FD8ECB4B6636}.Debug|Any CPU.Build.0 = Debug|Any CPU
		{EBA675A8-6AD2-458F-BFA2-FD8ECB4B6636}.Release|Any CPU.ActiveCfg = Release|Any CPU
		{EBA675A8-6AD2-458F-BFA2-FD8ECB4B6636}.Release|Any CPU.Build.0 = Release|Any CPU
	EndGlobalSection
	GlobalSection(SolutionProperties) = preSolution
		HideSolutionNode = FALSE
	EndGlobalSection
	GlobalSection(ExtensibilityGlobals) = postSolution
		SolutionGuid = {77FC7FD3-0508-416E-8EE6-2CEA2104F74A}
	EndGlobalSection
EndGlobal
