
Microsoft Visual Studio Solution File, Format Version 12.00
# Visual Studio Version 17
VisualStudioVersion = 17.9.34701.34
MinimumVisualStudioVersion = 10.0.40219.1
Project("{FAE04EC0-301F-11D3-BF4B-00C04F79EFBC}") = "LayOut", "LayOut\LayOut.csproj", "{9CE557AB-FD17-4612-8B94-8BE1E98A08EB}"
EndProject
Global
	GlobalSection(SolutionConfigurationPlatforms) = preSolution
		Debug|Any CPU = Debug|Any CPU
		Release|Any CPU = Release|Any CPU
	EndGlobalSection
	GlobalSection(ProjectConfigurationPlatforms) = postSolution
		{9CE557AB-FD17-4612-8B94-8BE1E98A08EB}.Debug|Any CPU.ActiveCfg = Debug|Any CPU
		{9CE557AB-FD17-4612-8B94-8BE1E98A08EB}.Debug|Any CPU.Build.0 = Debug|Any CPU
		{9CE557AB-FD17-4612-8B94-8BE1E98A08EB}.Release|Any CPU.ActiveCfg = Release|Any CPU
		{9CE557AB-FD17-4612-8B94-8BE1E98A08EB}.Release|Any CPU.Build.0 = Release|Any CPU
	EndGlobalSection
	GlobalSection(SolutionProperties) = preSolution
		HideSolutionNode = FALSE
	EndGlobalSection
	GlobalSection(ExtensibilityGlobals) = postSolution
		SolutionGuid = {F03E17FB-330D-4A1E-BA92-72FA0EA6ACD6}
	EndGlobalSection
EndGlobal
