
Microsoft Visual Studio Solution File, Format Version 12.00
# Visual Studio Version 17
VisualStudioVersion = 17.9.34701.34
MinimumVisualStudioVersion = 10.0.40219.1
Project("{FAE04EC0-301F-11D3-BF4B-00C04F79EFBC}") = "WinFormsApp3", "WinFormsApp3\WinFormsApp3.csproj", "{D70EA39A-8815-4AD4-9F34-2F8BDA603EC2}"
EndProject
Global
	GlobalSection(SolutionConfigurationPlatforms) = preSolution
		Debug|Any CPU = Debug|Any CPU
		Release|Any CPU = Release|Any CPU
	EndGlobalSection
	GlobalSection(ProjectConfigurationPlatforms) = postSolution
		{D70EA39A-8815-4AD4-9F34-2F8BDA603EC2}.Debug|Any CPU.ActiveCfg = Debug|Any CPU
		{D70EA39A-8815-4AD4-9F34-2F8BDA603EC2}.Debug|Any CPU.Build.0 = Debug|Any CPU
		{D70EA39A-8815-4AD4-9F34-2F8BDA603EC2}.Release|Any CPU.ActiveCfg = Release|Any CPU
		{D70EA39A-8815-4AD4-9F34-2F8BDA603EC2}.Release|Any CPU.Build.0 = Release|Any CPU
	EndGlobalSection
	GlobalSection(SolutionProperties) = preSolution
		HideSolutionNode = FALSE
	EndGlobalSection
	GlobalSection(ExtensibilityGlobals) = postSolution
		SolutionGuid = {3A3D7635-8614-458C-BD62-355F30841BEB}
	EndGlobalSection
EndGlobal
