
Microsoft Visual Studio Solution File, Format Version 12.00
# Visual Studio Version 17
VisualStudioVersion = 17.9.34701.34
MinimumVisualStudioVersion = 10.0.40219.1
Project("{FAE04EC0-301F-11D3-BF4B-00C04F79EFBC}") = "WebApplication2", "WebApplication2\WebApplication2.csproj", "{32A033A9-BDDA-467C-A51B-450D01B8BFC8}"
EndProject
Global
	GlobalSection(SolutionConfigurationPlatforms) = preSolution
		Debug|Any CPU = Debug|Any CPU
		Release|Any CPU = Release|Any CPU
	EndGlobalSection
	GlobalSection(ProjectConfigurationPlatforms) = postSolution
		{32A033A9-BDDA-467C-A51B-450D01B8BFC8}.Debug|Any CPU.ActiveCfg = Debug|Any CPU
		{32A033A9-BDDA-467C-A51B-450D01B8BFC8}.Debug|Any CPU.Build.0 = Debug|Any CPU
		{32A033A9-BDDA-467C-A51B-450D01B8BFC8}.Release|Any CPU.ActiveCfg = Release|Any CPU
		{32A033A9-BDDA-467C-A51B-450D01B8BFC8}.Release|Any CPU.Build.0 = Release|Any CPU
	EndGlobalSection
	GlobalSection(SolutionProperties) = preSolution
		HideSolutionNode = FALSE
	EndGlobalSection
	GlobalSection(ExtensibilityGlobals) = postSolution
		SolutionGuid = {A767E2B8-DE0E-4D85-B355-10D2FF67B5E8}
	EndGlobalSection
EndGlobal
