
Microsoft Visual Studio Solution File, Format Version 12.00
# Visual Studio Version 17
VisualStudioVersion = 17.9.34701.34
MinimumVisualStudioVersion = 10.0.40219.1
Project("{FAE04EC0-301F-11D3-BF4B-00C04F79EFBC}") = "Coutingg", "Coutingg\Coutingg.csproj", "{A528B17E-E147-402F-8B5A-DFDFE1BD8C13}"
EndProject
Global
	GlobalSection(SolutionConfigurationPlatforms) = preSolution
		Debug|Any CPU = Debug|Any CPU
		Release|Any CPU = Release|Any CPU
	EndGlobalSection
	GlobalSection(ProjectConfigurationPlatforms) = postSolution
		{A528B17E-E147-402F-8B5A-DFDFE1BD8C13}.Debug|Any CPU.ActiveCfg = Debug|Any CPU
		{A528B17E-E147-402F-8B5A-DFDFE1BD8C13}.Debug|Any CPU.Build.0 = Debug|Any CPU
		{A528B17E-E147-402F-8B5A-DFDFE1BD8C13}.Release|Any CPU.ActiveCfg = Release|Any CPU
		{A528B17E-E147-402F-8B5A-DFDFE1BD8C13}.Release|Any CPU.Build.0 = Release|Any CPU
	EndGlobalSection
	GlobalSection(SolutionProperties) = preSolution
		HideSolutionNode = FALSE
	EndGlobalSection
	GlobalSection(ExtensibilityGlobals) = postSolution
		SolutionGuid = {323CECA2-3F3D-4B56-B2A3-37970F53E0CA}
	EndGlobalSection
EndGlobal
