
Microsoft Visual Studio Solution File, Format Version 12.00
# Visual Studio Version 17
VisualStudioVersion = 17.9.34701.34
MinimumVisualStudioVersion = 10.0.40219.1
Project("{FAE04EC0-301F-11D3-BF4B-00C04F79EFBC}") = "WindowsFormsApp1", "WindowsFormsApp1\WindowsFormsApp1.csproj", "{974A61B1-B5B7-4D25-A463-943521DBB7D2}"
EndProject
Global
	GlobalSection(SolutionConfigurationPlatforms) = preSolution
		Debug|Any CPU = Debug|Any CPU
		Release|Any CPU = Release|Any CPU
	EndGlobalSection
	GlobalSection(ProjectConfigurationPlatforms) = postSolution
		{974A61B1-B5B7-4D25-A463-943521DBB7D2}.Debug|Any CPU.ActiveCfg = Debug|Any CPU
		{974A61B1-B5B7-4D25-A463-943521DBB7D2}.Debug|Any CPU.Build.0 = Debug|Any CPU
		{974A61B1-B5B7-4D25-A463-943521DBB7D2}.Release|Any CPU.ActiveCfg = Release|Any CPU
		{974A61B1-B5B7-4D25-A463-943521DBB7D2}.Release|Any CPU.Build.0 = Release|Any CPU
	EndGlobalSection
	GlobalSection(SolutionProperties) = preSolution
		HideSolutionNode = FALSE
	EndGlobalSection
	GlobalSection(ExtensibilityGlobals) = postSolution
		SolutionGuid = {4172C50A-63E2-4DE6-BA23-DBB78C462F82}
	EndGlobalSection
EndGlobal
